{
  "version": "5",
  "specifiers": {
    "jsr:@std/assert@^1.0.10": "1.0.19",
    "jsr:@std/bytes@^1.0.6": "1.0.6",
    "jsr:@std/internal@^1.0.12": "1.0.14",
    "jsr:@std/internal@^1.0.14": "1.0.14",
    "jsr:@std/path@^1.0.8": "1.1.6",
    "jsr:@std/streams@^1.0.9": "1.1.2",
    "jsr:@std/yaml@^1.0.5": "1.2.0",
    "npm:liquidjs@^10.21.0": "10.29.0"
  },
  "jsr": {
    "@std/assert@1.0.19": {
      "integrity": "eaada96ee120cb980bc47e040f82814d786fe8162ecc53c91d8df60b8755991e",
      "dependencies": [
        "jsr:@std/internal@^1.0.12"
      ]
    },
    "@std/bytes@1.0.6": {
      "integrity": "f6ac6adbd8ccd99314045f5703e23af0a68d7f7e58364b47d2c7f408aeb5820a"
    },
    "@std/internal@1.0.14": {
      "integrity": "291516b3d4c35024d6ffbc0a9df5bf4c64116e05b50012cf846710152d2ffdf7"
    },
    "@std/path@1.1.6": {
      "integrity": "c68485c2a4dfbb5ae3cc74fae4e8c4e5d874cf8a8ed12927917235c758b46cbe",
      "dependencies": [
        "jsr:@std/internal@^1.0.14"
      ]
    },
    "@std/streams@1.1.2": {
      "integrity": "0249bf9b78a999f57032ca4d8e7ccaa57579090242640b35ddc948fbb745d3af",
      "dependencies": [
        "jsr:@std/bytes"
      ]
    },
    "@std/yaml@1.2.0": {
      "integrity": "20beb41e4983ba3437dbefac62b14061ab058e8a187596f19d28ff9035f6e6cf"
    }
  },
  "npm": {
    "commander@10.0.1": {
      "integrity": "sha512-y4Mg2tXshplEbSGzx7amzPwKKOCGuoSRP/CjEdwwk0FOGlUbq6lKuoyDZTNZkmxHdJtp54hdfY/JUrdL7Xfdug=="
    },
    "liquidjs@10.29.0": {
      "integrity": "sha512-pCVOhs6FLAR8su3ItJ07diN26t6W5dHQRnmTMy8HPyTFuv1+oSCVJIGp5pGjfQyOZfh50KswvKtMTp6p4JEIdw==",
      "dependencies": [
        "commander"
      ],
      "bin": true
    }
  },
  "workspace": {
    "dependencies": [
      "jsr:@std/assert@^1.0.10",
      "jsr:@std/fs@^1.0.9",
      "jsr:@std/path@^1.0.8",
      "jsr:@std/streams@^1.0.9",
      "jsr:@std/yaml@^1.0.5",
      "npm:liquidjs@^10.21.0"
    ]
  }
}
